
Microsoft Visual Studio Solution File, Format Version 12.00
# Visual Studio Version 17
VisualStudioVersion = 17.14.36518.9 d17.14
MinimumVisualStudioVersion = 10.0.40219.1
Project("{FAE04EC0-301F-11D3-BF4B-00C04F79EFBC}") = "ChatApp", "ChatApp\ChatApp.csproj", "{C04C9108-84EC-448C-B3C1-6029A60450D3}"
EndProject
Global
	GlobalSection(SolutionConfigurationPlatforms) = preSolution
		Debug|Any CPU = Debug|Any CPU
		Release|Any CPU = Release|Any CPU
	EndGlobalSection
	GlobalSection(ProjectConfigurationPlatforms) = postSolution
		{C04C9108-84EC-448C-B3C1-6029A60450D3}.Debug|Any CPU.ActiveCfg = Debug|Any CPU
		{C04C9108-84EC-448C-B3C1-6029A60450D3}.Debug|Any CPU.Build.0 = Debug|Any CPU
		{C04C9108-84EC-448C-B3C1-6029A60450D3}.Release|Any CPU.ActiveCfg = Release|Any CPU
		{C04C9108-84EC-448C-B3C1-6029A60450D3}.Release|Any CPU.Build.0 = Release|Any CPU
	EndGlobalSection
	GlobalSection(SolutionProperties) = preSolution
		HideSolutionNode = FALSE
	EndGlobalSection
	GlobalSection(ExtensibilityGlobals) = postSolution
		SolutionGuid = {048D43B6-48D0-44FC-AA64-6045267EBDED}
	EndGlobalSection
EndGlobal
